
Microsoft Visual Studio Solution File, Format Version 12.00
# Visual Studio 14
VisualStudioVersion = 14.0.25420.1
MinimumVisualStudioVersion = 10.0.40219.1
Project("{FAE04EC0-301F-11D3-BF4B-00C04F79EFBC}") = "FirstReactiveUIApp", "FirstReactiveUIApp\FirstReactiveUIApp.csproj", "{00C406F1-43E4-4F5E-89DC-77DB34999AC2}"
EndProject
Project("{FAE04EC0-301F-11D3-BF4B-00C04F79EFBC}") = "FizzBuzz", "FizzBuzz\FizzBuzz.csproj", "{F6B31BBB-4903-4825-BD7D-91D89942200F}"
EndProject
Global
	GlobalSection(SolutionConfigurationPlatforms) = preSolution
		Debug|Any CPU = Debug|Any CPU
		Release|Any CPU = Release|Any CPU
	EndGlobalSection
	GlobalSection(ProjectConfigurationPlatforms) = postSolution
		{00C406F1-43E4-4F5E-89DC-77DB34999AC2}.Debug|Any CPU.ActiveCfg = Debug|Any CPU
		{00C406F1-43E4-4F5E-89DC-77DB34999AC2}.Debug|Any CPU.Build.0 = Debug|Any CPU
		{00C406F1-43E4-4F5E-89DC-77DB34999AC2}.Release|Any CPU.ActiveCfg = Release|Any CPU
		{00C406F1-43E4-4F5E-89DC-77DB34999AC2}.Release|Any CPU.Build.0 = Release|Any CPU
		{F6B31BBB-4903-4825-BD7D-91D89942200F}.Debug|Any CPU.ActiveCfg = Debug|Any CPU
		{F6B31BBB-4903-4825-BD7D-91D89942200F}.Debug|Any CPU.Build.0 = Debug|Any CPU
		{F6B31BBB-4903-4825-BD7D-91D89942200F}.Release|Any CPU.ActiveCfg = Release|Any CPU
		{F6B31BBB-4903-4825-BD7D-91D89942200F}.Release|Any CPU.Build.0 = Release|Any CPU
	EndGlobalSection
	GlobalSection(SolutionProperties) = preSolution
		HideSolutionNode = FALSE
	EndGlobalSection
EndGlobal
